
Microsoft Visual Studio Solution File, Format Version 12.00
# Visual Studio Version 17
VisualStudioVersion = 17.6.33829.357
MinimumVisualStudioVersion = 10.0.40219.1
Project("{9A19103F-16F7-4668-BE54-9A1E7A4F7556}") = "CQRSDesignPattren", "CQRSDesignPattren\CQRSDesignPattren.csproj", "{B3A54677-1B47-434B-95AF-84E906C3B126}"
EndProject
Global
	GlobalSection(SolutionConfigurationPlatforms) = preSolution
		Debug|Any CPU = Debug|Any CPU
		Release|Any CPU = Release|Any CPU
	EndGlobalSection
	GlobalSection(ProjectConfigurationPlatforms) = postSolution
		{B3A54677-1B47-434B-95AF-84E906C3B126}.Debug|Any CPU.ActiveCfg = Debug|Any CPU
		{B3A54677-1B47-434B-95AF-84E906C3B126}.Debug|Any CPU.Build.0 = Debug|Any CPU
		{B3A54677-1B47-434B-95AF-84E906C3B126}.Release|Any CPU.ActiveCfg = Release|Any CPU
		{B3A54677-1B47-434B-95AF-84E906C3B126}.Release|Any CPU.Build.0 = Release|Any CPU
	EndGlobalSection
	GlobalSection(SolutionProperties) = preSolution
		HideSolutionNode = FALSE
	EndGlobalSection
	GlobalSection(ExtensibilityGlobals) = postSolution
		SolutionGuid = {60DE242B-0090-4E64-9B59-195988B82875}
	EndGlobalSection
EndGlobal
